
Microsoft Visual Studio Solution File, Format Version 12.00
# Visual Studio Version 17
VisualStudioVersion = 17.1.32210.238
MinimumVisualStudioVersion = 10.0.40219.1
Project("{FAE04EC0-301F-11D3-BF4B-00C04F79EFBC}") = "CoctailIngredientsTelegramBot", "CoctailIngredientsTelegramBot\CoctailIngredientsTelegramBot.csproj", "{2815100D-AC1C-46A4-80B7-20B304624A6C}"
EndProject
Global
	GlobalSection(SolutionConfigurationPlatforms) = preSolution
		Debug|Any CPU = Debug|Any CPU
		Release|Any CPU = Release|Any CPU
	EndGlobalSection
	GlobalSection(ProjectConfigurationPlatforms) = postSolution
		{2815100D-AC1C-46A4-80B7-20B304624A6C}.Debug|Any CPU.ActiveCfg = Debug|Any CPU
		{2815100D-AC1C-46A4-80B7-20B304624A6C}.Debug|Any CPU.Build.0 = Debug|Any CPU
		{2815100D-AC1C-46A4-80B7-20B304624A6C}.Release|Any CPU.ActiveCfg = Release|Any CPU
		{2815100D-AC1C-46A4-80B7-20B304624A6C}.Release|Any CPU.Build.0 = Release|Any CPU
	EndGlobalSection
	GlobalSection(SolutionProperties) = preSolution
		HideSolutionNode = FALSE
	EndGlobalSection
	GlobalSection(ExtensibilityGlobals) = postSolution
		SolutionGuid = {317BAD49-0F07-433F-9AC7-EDB0C6D78766}
	EndGlobalSection
EndGlobal
